lockVersion: 2.0.0
id: d0c6ef81-afa9-4266-a8f1-2430fa28984d
management:
  docChecksum: 236f71485e7140f05eaed13e7dd0f458
  docVersion: 3.0.2
  speakeasyVersion: 1.327.0
  generationVersion: 2.359.6
  releaseVersion: 3.0.0
  configChecksum: 01472956758562348acac4d6271eaaaf
features:
  typescript:
    additionalDependencies: 0.1.0
    constsAndDefaults: 0.1.5
    core: 3.11.3
    devContainers: 2.90.0
    errorUnions: 0.1.0
    flattening: 2.81.1
    globalSecurityCallbacks: 0.1.0
    globalServerURLs: 2.82.4
    globals: 2.82.1
    groups: 2.81.2
    hiddenGlobals: 0.1.0
    ignores: 2.81.1
    nameOverrides: 2.81.2
    responseFormat: 0.2.3
    retries: 2.83.0
    sdkHooks: 0.1.0
    serverEvents: 0.1.4
    unions: 2.85.5
generatedFiles:
  - src/sdk/characters.ts
  - src/sdk/chats.ts
  - src/sdk/messages.ts
  - src/sdk/sdk.ts
  - .eslintrc.cjs
  - .npmignore
  - RUNTIMES.md
  - jsr.json
  - package.json
  - src/index.ts
  - src/lib/base64.ts
  - src/lib/config.ts
  - src/lib/encodings.ts
  - src/lib/event-streams.ts
  - src/lib/http.ts
  - src/lib/is-plain-object.ts
  - src/lib/primitives.ts
  - src/lib/retries.ts
  - src/lib/schemas.ts
  - src/lib/sdks.ts
  - src/lib/security.ts
  - src/lib/url.ts
  - src/sdk/index.ts
  - src/models/errors/sdkerror.ts
  - src/models/errors/sdkvalidationerror.ts
  - src/types/blobs.ts
  - src/types/enums.ts
  - src/types/index.ts
  - src/types/operations.ts
  - src/types/rfcdate.ts
  - tsconfig.json
  - src/models/operations/getcharacters.ts
  - src/models/operations/getcharacterimagedata.ts
  - src/models/operations/getcharacteraiinitializationdata.ts
  - src/models/operations/createcharacter.ts
  - src/models/operations/getchatsforuser.ts
  - src/models/operations/deletechat.ts
  - src/models/operations/savemessage.ts
  - src/models/operations/getmessagehistory.ts
  - src/models/operations/getmessagecontext.ts
  - src/models/operations/sendmessage.ts
  - src/models/operations/deletemessage.ts
  - src/models/operations/initializechat.ts
  - src/models/errors/badrequesterror.ts
  - src/models/errors/authenticationfailederror.ts
  - src/models/errors/accountinbadstandingerror.ts
  - src/models/errors/createcharacter.ts
  - src/models/errors/deletechat.ts
  - src/models/errors/unauthorizediderror.ts
  - src/models/errors/getmessagehistory.ts
  - src/models/errors/getmessagecontext.ts
  - src/models/errors/sendmessage.ts
  - src/models/errors/deletemessage.ts
  - src/models/components/successfulrequest.ts
  - src/models/components/characterid.ts
  - src/models/components/timestampedmessage.ts
  - src/models/components/message.ts
  - src/models/components/chatcompletionfragment.ts
  - src/models/errors/index.ts
  - src/models/operations/index.ts
  - src/models/components/index.ts
  - docs/models/operations/getcharactersglobals.md
  - docs/models/operations/getcharactersrequest.md
  - docs/models/operations/characteroverviewresponse.md
  - docs/models/operations/getcharacterssuccessfulrequest.md
  - docs/models/operations/getcharacterimagedataglobals.md
  - docs/models/operations/getcharacterimagedatarequest.md
  - docs/models/operations/getcharacterimagedatasuccessfulrequest.md
  - docs/models/operations/getcharacteraiinitializationdataglobals.md
  - docs/models/operations/getcharacteraiinitializationdatarequest.md
  - docs/models/operations/getcharacteraiinitializationdatasuccessfulrequest.md
  - docs/models/operations/createcharacterglobals.md
  - docs/models/operations/createcharactercharacterimagedataresponse.md
  - docs/models/operations/createcharactercharacteridresponse.md
  - docs/models/operations/getchatsforuserglobals.md
  - docs/models/operations/getchatsforuserrequest.md
  - docs/models/operations/chatidresponse.md
  - docs/models/operations/getchatsforusersuccessfulrequest.md
  - docs/models/operations/deletechatglobals.md
  - docs/models/operations/deletechatrequest.md
  - docs/models/operations/savemessageglobals.md
  - docs/models/operations/role.md
  - docs/models/operations/savemessagetimestampedmessageresponse.md
  - docs/models/operations/getmessagehistoryglobals.md
  - docs/models/operations/getmessagehistoryrequest.md
  - docs/models/operations/getmessagehistorysuccessfulrequest.md
  - docs/models/operations/getmessagecontextglobals.md
  - docs/models/operations/getmessagecontextrequest.md
  - docs/models/operations/getmessagecontextsuccessfulrequest.md
  - docs/models/operations/sendmessageglobals.md
  - docs/models/operations/sendmessagechatidresponse.md
  - docs/models/operations/deletemessageglobals.md
  - docs/models/operations/deletemessagerequest.md
  - docs/models/operations/initializechatglobals.md
  - docs/models/errors/errort.md
  - docs/models/errors/badrequesterror.md
  - docs/models/errors/authenticationfailederrorerror.md
  - docs/models/errors/authenticationfailederror.md
  - docs/models/errors/accountinbadstandingerrorerror.md
  - docs/models/errors/accountinbadstandingerror.md
  - docs/models/errors/createcharacterresponsebodyerror.md
  - docs/models/errors/duplicatecharactererrorresponse.md
  - docs/models/errors/createcharacterresponsebody.md
  - docs/models/errors/deletechatchatsresponsebody.md
  - docs/models/errors/deletechatresponsebodyerror.md
  - docs/models/errors/deletechatresponsebodyinvalidchatiderror.md
  - docs/models/errors/deletechatresponsebody.md
  - docs/models/errors/unauthorizediderrorerror.md
  - docs/models/errors/unauthorizediderror.md
  - docs/models/errors/getmessagehistorymessagesresponsebody.md
  - docs/models/errors/responsebodyerror.md
  - docs/models/errors/invalidchatiderror.md
  - docs/models/errors/getmessagehistoryresponsebody.md
  - docs/models/errors/getmessagecontextmessagesresponsebody.md
  - docs/models/errors/getmessagecontextresponsebodyerror.md
  - docs/models/errors/responsebodyinvalidchatiderror.md
  - docs/models/errors/getmessagecontextresponsebody.md
  - docs/models/errors/sendmessagemessagesresponsebody.md
  - docs/models/errors/sendmessageresponsebodyerror.md
  - docs/models/errors/sendmessageresponsebodyinvalidchatiderror.md
  - docs/models/errors/sendmessageresponsebody.md
  - docs/models/errors/deletemessagemessagesresponsebody.md
  - docs/models/errors/deletemessageresponsebodyerror.md
  - docs/models/errors/invalidmessageiderror.md
  - docs/models/errors/deletemessageresponsebody.md
  - docs/models/components/successfulrequest.md
  - docs/models/components/characterid.md
  - docs/models/components/role.md
  - docs/models/components/timestampedmessage.md
  - docs/models/components/messagerole.md
  - docs/models/components/message.md
  - docs/models/components/data.md
  - docs/models/components/chatcompletionfragment.md
  - docs/sdks/aurorachatbotsdk/README.md
  - docs/lib/utils/retryconfig.md
  - docs/sdks/characters/README.md
  - docs/sdks/chats/README.md
  - docs/sdks/messages/README.md
  - USAGE.md
  - .gitattributes
  - .devcontainer/README.md
  - .devcontainer/devcontainer.json
  - .devcontainer/setup.sh
  - src/hooks/hooks.ts
  - src/hooks/types.ts
  - src/hooks/index.ts
