lockVersion: 2.0.0
id: d0c6ef81-afa9-4266-a8f1-2430fa28984d
management:
  docChecksum: 90bb9fbe7f84664feee749c18b86b3b9
  docVersion: 4.0.0
  speakeasyVersion: 1.335.0
  generationVersion: 2.370.2
  releaseVersion: 4.0.0
  configChecksum: c64e379c48a41974a8f750b8418eac04
features:
  typescript:
    acceptHeaders: 2.81.2
    additionalDependencies: 0.1.0
    constsAndDefaults: 0.1.5
    core: 3.11.6
    defaultEnabledRetries: 0.1.0
    devContainers: 2.90.0
    errors: 2.81.11
    examples: 2.81.4
    flattening: 2.81.1
    globalSecurityCallbacks: 0.1.0
    globalServerURLs: 2.82.4
    globals: 2.82.1
    groups: 2.81.2
    hiddenGlobals: 0.1.0
    nameOverrides: 2.81.2
    responseFormat: 0.2.3
    retries: 2.83.0
    sdkHooks: 0.1.0
    serverEvents: 0.1.4
    unions: 2.85.5
generatedFiles:
  - src/sdk/users.ts
  - src/sdk/characters.ts
  - src/sdk/chats.ts
  - src/sdk/messages.ts
  - src/sdk/sdk.ts
  - .eslintrc.cjs
  - .npmignore
  - RUNTIMES.md
  - jsr.json
  - package.json
  - src/index.ts
  - src/lib/base64.ts
  - src/lib/config.ts
  - src/lib/encodings.ts
  - src/lib/event-streams.ts
  - src/lib/http.ts
  - src/lib/is-plain-object.ts
  - src/lib/primitives.ts
  - src/lib/retries.ts
  - src/lib/schemas.ts
  - src/lib/sdks.ts
  - src/lib/security.ts
  - src/lib/url.ts
  - src/sdk/index.ts
  - src/models/errors/sdkerror.ts
  - src/models/errors/sdkvalidationerror.ts
  - src/types/blobs.ts
  - src/types/enums.ts
  - src/types/index.ts
  - src/types/operations.ts
  - src/types/rfcdate.ts
  - tsconfig.json
  - src/models/operations/login.ts
  - src/models/operations/signup.ts
  - src/models/operations/getcharacters.ts
  - src/models/operations/getcharacterimagedata.ts
  - src/models/operations/createcharacter.ts
  - src/models/operations/getchatsforuser.ts
  - src/models/operations/initializechat.ts
  - src/models/operations/deletechat.ts
  - src/models/operations/savemessage.ts
  - src/models/operations/getmessagehistory.ts
  - src/models/operations/getmessagecontext.ts
  - src/models/operations/sendmessage.ts
  - src/models/operations/deletemessage.ts
  - src/models/components/accesstokenobj.ts
  - src/models/components/badrequesterror.ts
  - src/models/components/authenticationfailederror.ts
  - src/models/components/accountinbadstandingerror.ts
  - src/models/components/characterid.ts
  - src/models/components/successfulrequest.ts
  - src/models/components/unauthorizediderror.ts
  - src/models/components/timestampedmessage.ts
  - src/models/components/message.ts
  - src/models/components/chatcompletionfragment.ts
  - src/models/errors/index.ts
  - src/models/operations/index.ts
  - src/models/components/index.ts
  - docs/models/operations/loginrequestbody.md
  - docs/models/operations/loginresponse.md
  - docs/models/operations/signuprequestbody.md
  - docs/models/operations/errort.md
  - docs/models/operations/signupfailedrequest.md
  - docs/models/operations/signupresponse.md
  - docs/models/operations/getcharactersglobals.md
  - docs/models/operations/getcharactersrequest.md
  - docs/models/operations/characters.md
  - docs/models/operations/getcharacterssuccessfulrequest.md
  - docs/models/operations/getcharactersresponse.md
  - docs/models/operations/getcharacterimagedataglobals.md
  - docs/models/operations/getcharacterimagedatarequest.md
  - docs/models/operations/getcharacterimagedatasuccessfulrequest.md
  - docs/models/operations/getcharacterimagedataresponse.md
  - docs/models/operations/createcharacterglobals.md
  - docs/models/operations/specialmessages.md
  - docs/models/operations/createcharacterrequestbody.md
  - docs/models/operations/createcharacterresponsebodyerror.md
  - docs/models/operations/duplicatecharactererrorresponse.md
  - docs/models/operations/createcharacterresponsebody.md
  - docs/models/operations/createcharactersuccessfulrequest.md
  - docs/models/operations/createcharacterresponse.md
  - docs/models/operations/getchatsforuserglobals.md
  - docs/models/operations/getchatsforuserrequest.md
  - docs/models/operations/chats.md
  - docs/models/operations/getchatsforusersuccessfulrequest.md
  - docs/models/operations/getchatsforuserresponse.md
  - docs/models/operations/initializechatglobals.md
  - docs/models/operations/initializechatsuccessfulrequest.md
  - docs/models/operations/initializechatresponse.md
  - docs/models/operations/deletechatglobals.md
  - docs/models/operations/deletechatrequest.md
  - docs/models/operations/deletechatchatsresponsebody.md
  - docs/models/operations/responsebodyerror.md
  - docs/models/operations/invalidchatiderror.md
  - docs/models/operations/deletechatresponsebody.md
  - docs/models/operations/deletechatresponse.md
  - docs/models/operations/savemessageglobals.md
  - docs/models/operations/role.md
  - docs/models/operations/savemessagetimestampedmessageresponse.md
  - docs/models/operations/savemessageresponse.md
  - docs/models/operations/getmessagehistoryglobals.md
  - docs/models/operations/getmessagehistoryrequest.md
  - docs/models/operations/getmessagehistorymessagesresponsebody.md
  - docs/models/operations/getmessagehistoryresponsebodyerror.md
  - docs/models/operations/responsebodyinvalidchatiderror.md
  - docs/models/operations/getmessagehistoryresponsebody.md
  - docs/models/operations/getmessagehistorysuccessfulrequest.md
  - docs/models/operations/getmessagehistoryresponse.md
  - docs/models/operations/getmessagecontextglobals.md
  - docs/models/operations/getmessagecontextrequest.md
  - docs/models/operations/getmessagecontextmessagesresponsebody.md
  - docs/models/operations/getmessagecontextresponsebodyerror.md
  - docs/models/operations/getmessagecontextresponsebodyinvalidchatiderror.md
  - docs/models/operations/getmessagecontextresponsebody.md
  - docs/models/operations/getmessagecontextsuccessfulrequest.md
  - docs/models/operations/getmessagecontextresponse.md
  - docs/models/operations/sendmessageglobals.md
  - docs/models/operations/sendmessagerequestbody.md
  - docs/models/operations/sendmessagemessagesresponsebody.md
  - docs/models/operations/sendmessageresponsebodyerror.md
  - docs/models/operations/sendmessageresponsebodyinvalidchatiderror.md
  - docs/models/operations/sendmessageresponsebody.md
  - docs/models/operations/sendmessageresponse.md
  - docs/models/operations/deletemessageglobals.md
  - docs/models/operations/deletemessagerequest.md
  - docs/models/operations/deletemessagemessagesresponsebody.md
  - docs/models/operations/deletemessageresponsebodyerror.md
  - docs/models/operations/invalidmessageiderror.md
  - docs/models/operations/deletemessageresponsebody.md
  - docs/models/operations/deletemessageresponse.md
  - docs/models/components/accesstokenobj.md
  - docs/models/components/errort.md
  - docs/models/components/badrequesterror.md
  - docs/models/components/authenticationfailederrorerror.md
  - docs/models/components/authenticationfailederror.md
  - docs/models/components/accountinbadstandingerrorerror.md
  - docs/models/components/accountinbadstandingerror.md
  - docs/models/components/characterid.md
  - docs/models/components/successfulrequest.md
  - docs/models/components/unauthorizediderrorerror.md
  - docs/models/components/unauthorizediderror.md
  - docs/models/components/role.md
  - docs/models/components/timestampedmessage.md
  - docs/models/components/messagerole.md
  - docs/models/components/message.md
  - docs/models/components/data.md
  - docs/models/components/chatcompletionfragment.md
  - docs/sdks/aurorachatbotsdk/README.md
  - docs/lib/utils/retryconfig.md
  - docs/sdks/users/README.md
  - docs/sdks/characters/README.md
  - docs/sdks/chats/README.md
  - docs/sdks/messages/README.md
  - USAGE.md
  - .gitattributes
  - .devcontainer/README.md
  - .devcontainer/devcontainer.json
  - .devcontainer/setup.sh
  - src/hooks/hooks.ts
  - src/hooks/types.ts
  - src/hooks/index.ts
