speakeasyVersion: 1.330.0
sources:
    aurora-chatbot-api-schema:
        sourceNamespace: aurora-chatbot-api-schema
        sourceRevisionDigest: sha256:3c0475481b8e2625a849df43203e330260575cbafa3548eeef0346bfdc527b45
        sourceBlobDigest: sha256:6ad42b24d12045713e66bded61815c1b73efae7667a24bb84b9786245dbbc7e8
        tags:
            - latest
targets:
    aurora-chatbot-sdk:
        source: aurora-chatbot-api-schema
        sourceNamespace: aurora-chatbot-api-schema
        sourceRevisionDigest: sha256:3c0475481b8e2625a849df43203e330260575cbafa3548eeef0346bfdc527b45
        sourceBlobDigest: sha256:6ad42b24d12045713e66bded61815c1b73efae7667a24bb84b9786245dbbc7e8
        outLocation: /Users/antoniospapadakis/Desktop/repos/aurora-chatbot-sdk-typescript
workflow:
    workflowVersion: 1.0.0
    speakeasyVersion: latest
    sources:
        aurora-chatbot-api-schema:
            inputs:
                - location: api-spec/schema-unresolved.yaml
            registry:
                location: registry.speakeasyapi.dev/aurora-interactive/aurora-interactive/aurora-chatbot-api-schema
    targets:
        aurora-chatbot-sdk:
            target: typescript
            source: aurora-chatbot-api-schema
