speakeasyVersion: 1.385.0
sources:
    aurora-chatbot-api-schema:
        sourceNamespace: aurora-chatbot-api-schema
        sourceRevisionDigest: sha256:adb9744935a84ff3457a76c8957cdaca98344539072533839d075ac20fc18254
        sourceBlobDigest: sha256:981add63df710721515e82927d65fc72c1c965a59bb0c36b9bb83210b30ddf1a
        tags:
            - latest
targets:
    aurora-chatbot-sdk:
        source: aurora-chatbot-api-schema
        sourceNamespace: aurora-chatbot-api-schema
        sourceRevisionDigest: sha256:adb9744935a84ff3457a76c8957cdaca98344539072533839d075ac20fc18254
        sourceBlobDigest: sha256:981add63df710721515e82927d65fc72c1c965a59bb0c36b9bb83210b30ddf1a
        outLocation: /Users/antoniospapadakis/Desktop/repos/aurora-chatbot-sdk-typescript
workflow:
    workflowVersion: 1.0.0
    speakeasyVersion: 1.385.0
    sources:
        aurora-chatbot-api-schema:
            inputs:
                - location: api-spec/schema-unresolved.yaml
            registry:
                location: registry.speakeasyapi.dev/aurora-interactive/aurora-interactive/aurora-chatbot-api-schema
    targets:
        aurora-chatbot-sdk:
            target: typescript
            source: aurora-chatbot-api-schema
