speakeasyVersion: 1.326.2
sources:
    aurora-chatbot-api-schema:
        sourceNamespace: aurora-chatbot-api-schema
        sourceRevisionDigest: sha256:acbc866fc17687b847c0b2a7c75ae9ca2121bbd87f179de4def1a9ac056f90a6
        sourceBlobDigest: sha256:47e95f2b14dbf5a8a74cefebb6af718568d8d171b8dfaa63c12b85f2c42c5754
        tags:
            - latest
targets:
    aurora-chatbot-sdk:
        source: aurora-chatbot-api-schema
        sourceNamespace: aurora-chatbot-api-schema
        sourceRevisionDigest: sha256:acbc866fc17687b847c0b2a7c75ae9ca2121bbd87f179de4def1a9ac056f90a6
        sourceBlobDigest: sha256:47e95f2b14dbf5a8a74cefebb6af718568d8d171b8dfaa63c12b85f2c42c5754
        outLocation: /Users/antoniospapadakis/Desktop/repos/aurora-chatbot-sdk-typescript
workflow:
    workflowVersion: 1.0.0
    speakeasyVersion: latest
    sources:
        aurora-chatbot-api-schema:
            inputs:
                - location: ../chatbot-api-schema/schema-unresolved.yaml
            registry:
                location: registry.speakeasyapi.dev/aurora-interactive/aurora-interactive/aurora-chatbot-api-schema
    targets:
        aurora-chatbot-sdk:
            target: typescript
            source: aurora-chatbot-api-schema
